
Microsoft Visual Studio Solution File, Format Version 12.00
# Visual Studio 2013
VisualStudioVersion = 12.0.21005.1
MinimumVisualStudioVersion = 10.0.40219.1
Project("{FAE04EC0-301F-11D3-BF4B-00C04F79EFBC}") = "PostGetModel", "PostGetModel\PostGetModel.csproj", "{22C32975-50AB-4D94-B6A6-67195F5FA981}"
EndProject
Global
	GlobalSection(TeamFoundationVersionControl) = preSolution
		SccNumberOfProjects = 2
		SccEnterpriseProvider = {4CA58AB2-18FA-4F8D-95D4-32DDF27D184C}
		SccTeamFoundationServer = https://rafaeloliveira89.visualstudio.com/defaultcollection
		SccLocalPath0 = .
		SccProjectUniqueName1 = PostGetModel\\PostGetModel.csproj
		SccProjectName1 = PostGetModel
		SccLocalPath1 = PostGetModel
	EndGlobalSection
	GlobalSection(SolutionConfigurationPlatforms) = preSolution
		Debug|Any CPU = Debug|Any CPU
		Release|Any CPU = Release|Any CPU
	EndGlobalSection
	GlobalSection(ProjectConfigurationPlatforms) = postSolution
		{22C32975-50AB-4D94-B6A6-67195F5FA981}.Debug|Any CPU.ActiveCfg = Debug|Any CPU
		{22C32975-50AB-4D94-B6A6-67195F5FA981}.Debug|Any CPU.Build.0 = Debug|Any CPU
		{22C32975-50AB-4D94-B6A6-67195F5FA981}.Release|Any CPU.ActiveCfg = Release|Any CPU
		{22C32975-50AB-4D94-B6A6-67195F5FA981}.Release|Any CPU.Build.0 = Release|Any CPU
	EndGlobalSection
	GlobalSection(SolutionProperties) = preSolution
		HideSolutionNode = FALSE
	EndGlobalSection
EndGlobal
